// !$*UTF8*$!
{
	archiveVersion = 1;
	classes = {
	};
	objectVersion = 46;
	objects = {

/* Begin PBXBuildFile section */
		406F517519757CE700EF284E /* Foundation.framework in Frameworks */ = {isa = PBXBuildFile; fileRef = 406F517419757CE700EF284E /* Foundation.framework */; };
		406F517719757CE700EF284E /* CoreGraphics.framework in Frameworks */ = {isa = PBXBuildFile; fileRef = 406F517619757CE700EF284E /* CoreGraphics.framework */; };
		406F517919757CE700EF284E /* UIKit.framework in Frameworks */ = {isa = PBXBuildFile; fileRef = 406F517819757CE700EF284E /* UIKit.framework */; };
		406F517F19757CE700EF284E /* InfoPlist.strings in Resources */ = {isa = PBXBuildFile; fileRef = 406F517D19757CE700EF284E /* InfoPlist.strings */; };
		406F518119757CE700EF284E /* main.m in Sources */ = {isa = PBXBuildFile; fileRef = 406F518019757CE700EF284E /* main.m */; };
		406F518519757CE700EF284E /* OWAppDelegate.m in Sources */ = {isa = PBXBuildFile; fileRef = 406F518419757CE700EF284E /* OWAppDelegate.m */; };
		406F518819757CE700EF284E /* Main.storyboard in Resources */ = {isa = PBXBuildFile; fileRef = 406F518619757CE700EF284E /* Main.storyboard */; };
		406F518D19757CE700EF284E /* Images.xcassets in Resources */ = {isa = PBXBuildFile; fileRef = 406F518C19757CE700EF284E /* Images.xcassets */; };
		406F519419757CE700EF284E /* XCTest.framework in Frameworks */ = {isa = PBXBuildFile; fileRef = 406F519319757CE700EF284E /* XCTest.framework */; };
		406F519519757CE700EF284E /* Foundation.framework in Frameworks */ = {isa = PBXBuildFile; fileRef = 406F517419757CE700EF284E /* Foundation.framework */; };
		406F519619757CE700EF284E /* UIKit.framework in Frameworks */ = {isa = PBXBuildFile; fileRef = 406F517819757CE700EF284E /* UIKit.framework */; };
		406F519E19757CE700EF284E /* InfoPlist.strings in Resources */ = {isa = PBXBuildFile; fileRef = 406F519C19757CE700EF284E /* InfoPlist.strings */; };
		406F51A019757CE700EF284E /* UITableViewController_Challenge_SolutionTests.m in Sources */ = {isa = PBXBuildFile; fileRef = 406F519F19757CE700EF284E /* UITableViewController_Challenge_SolutionTests.m */; };
		406F51AB1975B38700EF284E /* PMITableViewController.m in Sources */ = {isa = PBXBuildFile; fileRef = 406F51AA1975B38700EF284E /* PMITableViewController.m */; };
/* End PBXBuildFile section */

/* Begin PBXContainerItemProxy section */
		406F519719757CE700EF284E /* PBXContainerItemProxy */ = {
			isa = PBXContainerItemProxy;
			containerPortal = 406F516919757CE700EF284E /* Project object */;
			proxyType = 1;
			remoteGlobalIDString = 406F517019757CE700EF284E;
			remoteInfo = "UITableViewController Challenge Solution";
		};
/* End PBXContainerItemProxy section */

/* Begin PBXFileReference section */
		406F517119757CE700EF284E /* UITableViewController Challenge Solution.app */ = {isa = PBXFileReference; explicitFileType = wrapper.application; includeInIndex = 0; path = "UITableViewController Challenge Solution.app"; sourceTree = BUILT_PRODUCTS_DIR; };
		406F517419757CE700EF284E /* Foundation.framework */ = {isa = PBXFileReference; lastKnownFileType = wrapper.framework; name = Foundation.framework; path = System/Library/Frameworks/Foundation.framework; sourceTree = SDKROOT; };
		406F517619757CE700EF284E /* CoreGraphics.framework */ = {isa = PBXFileReference; lastKnownFileType = wrapper.framework; name = CoreGraphics.framework; path = System/Library/Frameworks/CoreGraphics.framework; sourceTree = SDKROOT; };
		406F517819757CE700EF284E /* UIKit.framework */ = {isa = PBXFileReference; lastKnownFileType = wrapper.framework; name = UIKit.framework; path = System/Library/Frameworks/UIKit.framework; sourceTree = SDKROOT; };
		406F517C19757CE700EF284E /* UITableViewController Challenge Solution-Info.plist */ = {isa = PBXFileReference; lastKnownFileType = text.plist.xml; path = "UITableViewController Challenge Solution-Info.plist"; sourceTree = "<group>"; };
		406F517E19757CE700EF284E /* en */ = {isa = PBXFileReference; lastKnownFileType = text.plist.strings; name = en; path = en.lproj/InfoPlist.strings; sourceTree = "<group>"; };
		406F518019757CE700EF284E /* main.m */ = {isa = PBXFileReference; lastKnownFileType = sourcecode.c.objc; path = main.m; sourceTree = "<group>"; };
		406F518219757CE700EF284E /* UITableViewController Challenge Solution-Prefix.pch */ = {isa = PBXFileReference; lastKnownFileType = sourcecode.c.h; path = "UITableViewController Challenge Solution-Prefix.pch"; sourceTree = "<group>"; };
		406F518319757CE700EF284E /* OWAppDelegate.h */ = {isa = PBXFileReference; lastKnownFileType = sourcecode.c.h; path = OWAppDelegate.h; sourceTree = "<group>"; };
		406F518419757CE700EF284E /* OWAppDelegate.m */ = {isa = PBXFileReference; lastKnownFileType = sourcecode.c.objc; path = OWAppDelegate.m; sourceTree = "<group>"; };
		406F518719757CE700EF284E /* Base */ = {isa = PBXFileReference; lastKnownFileType = file.storyboard; name = Base; path = Base.lproj/Main.storyboard; sourceTree = "<group>"; };
		406F518C19757CE700EF284E /* Images.xcassets */ = {isa = PBXFileReference; lastKnownFileType = folder.assetcatalog; path = Images.xcassets; sourceTree = "<group>"; };
		406F519219757CE700EF284E /* UITableViewController Challenge SolutionTests.xctest */ = {isa = PBXFileReference; explicitFileType = wrapper.cfbundle; includeInIndex = 0; path = "UITableViewController Challenge SolutionTests.xctest"; sourceTree = BUILT_PRODUCTS_DIR; };
		406F519319757CE700EF284E /* XCTest.framework */ = {isa = PBXFileReference; lastKnownFileType = wrapper.framework; name = XCTest.framework; path = Library/Frameworks/XCTest.framework; sourceTree = DEVELOPER_DIR; };
		406F519B19757CE700EF284E /* UITableViewController Challenge SolutionTests-Info.plist */ = {isa = PBXFileReference; lastKnownFileType = text.plist.xml; path = "UITableViewController Challenge SolutionTests-Info.plist"; sourceTree = "<group>"; };
		406F519D19757CE700EF284E /* en */ = {isa = PBXFileReference; lastKnownFileType = text.plist.strings; name = en; path = en.lproj/InfoPlist.strings; sourceTree = "<group>"; };
		406F519F19757CE700EF284E /* UITableViewController_Challenge_SolutionTests.m */ = {isa = PBXFileReference; lastKnownFileType = sourcecode.c.objc; path = UITableViewController_Challenge_SolutionTests.m; sourceTree = "<group>"; };
		406F51A91975B38700EF284E /* PMITableViewController.h */ = {isa = PBXFileReference; fileEncoding = 4; lastKnownFileType = sourcecode.c.h; path = PMITableViewController.h; sourceTree = "<group>"; };
		406F51AA1975B38700EF284E /* PMITableViewController.m */ = {isa = PBXFileReference; fileEncoding = 4; lastKnownFileType = sourcecode.c.objc; path = PMITableViewController.m; sourceTree = "<group>"; };
/* End PBXFileReference section */

/* Begin PBXFrameworksBuildPhase section */
		406F516E19757CE700EF284E /* Frameworks */ = {
			isa = PBXFrameworksBuildPhase;
			buildActionMask = 2147483647;
			files = (
				406F517719757CE700EF284E /* CoreGraphics.framework in Frameworks */,
				406F517919757CE700EF284E /* UIKit.framework in Frameworks */,
				406F517519757CE700EF284E /* Foundation.framework in Frameworks */,
			);
			runOnlyForDeploymentPostprocessing = 0;
		};
		406F518F19757CE700EF284E /* Frameworks */ = {
			isa = PBXFrameworksBuildPhase;
			buildActionMask = 2147483647;
			files = (
				406F519419757CE700EF284E /* XCTest.framework in Frameworks */,
				406F519619757CE700EF284E /* UIKit.framework in Frameworks */,
				406F519519757CE700EF284E /* Foundation.framework in Frameworks */,
			);
			runOnlyForDeploymentPostprocessing = 0;
		};
/* End PBXFrameworksBuildPhase section */

/* Begin PBXGroup section */
		406F516819757CE700EF284E = {
			isa = PBXGroup;
			children = (
				406F517A19757CE700EF284E /* UITableViewController Challenge Solution */,
				406F519919757CE700EF284E /* UITableViewController Challenge SolutionTests */,
				406F517319757CE700EF284E /* Frameworks */,
				406F517219757CE700EF284E /* Products */,
			);
			sourceTree = "<group>";
		};
		406F517219757CE700EF284E /* Products */ = {
			isa = PBXGroup;
			children = (
				406F517119757CE700EF284E /* UITableViewController Challenge Solution.app */,
				406F519219757CE700EF284E /* UITableViewController Challenge SolutionTests.xctest */,
			);
			name = Products;
			sourceTree = "<group>";
		};
		406F517319757CE700EF284E /* Frameworks */ = {
			isa = PBXGroup;
			children = (
				406F517419757CE700EF284E /* Foundation.framework */,
				406F517619757CE700EF284E /* CoreGraphics.framework */,
				406F517819757CE700EF284E /* UIKit.framework */,
				406F519319757CE700EF284E /* XCTest.framework */,
			);
			name = Frameworks;
			sourceTree = "<group>";
		};
		406F517A19757CE700EF284E /* UITableViewController Challenge Solution */ = {
			isa = PBXGroup;
			children = (
				406F51A91975B38700EF284E /* PMITableViewController.h */,
				406F51AA1975B38700EF284E /* PMITableViewController.m */,
				406F518319757CE700EF284E /* OWAppDelegate.h */,
				406F518419757CE700EF284E /* OWAppDelegate.m */,
				406F518619757CE700EF284E /* Main.storyboard */,
				406F518C19757CE700EF284E /* Images.xcassets */,
				406F517B19757CE700EF284E /* Supporting Files */,
			);
			path = "UITableViewController Challenge Solution";
			sourceTree = "<group>";
		};
		406F517B19757CE700EF284E /* Supporting Files */ = {
			isa = PBXGroup;
			children = (
				406F517C19757CE700EF284E /* UITableViewController Challenge Solution-Info.plist */,
				406F517D19757CE700EF284E /* InfoPlist.strings */,
				406F518019757CE700EF284E /* main.m */,
				406F518219757CE700EF284E /* UITableViewController Challenge Solution-Prefix.pch */,
			);
			name = "Supporting Files";
			sourceTree = "<group>";
		};
		406F519919757CE700EF284E /* UITableViewController Challenge SolutionTests */ = {
			isa = PBXGroup;
			children = (
				406F519F19757CE700EF284E /* UITableViewController_Challenge_SolutionTests.m */,
				406F519A19757CE700EF284E /* Supporting Files */,
			);
			path = "UITableViewController Challenge SolutionTests";
			sourceTree = "<group>";
		};
		406F519A19757CE700EF284E /* Supporting Files */ = {
			isa = PBXGroup;
			children = (
				406F519B19757CE700EF284E /* UITableViewController Challenge SolutionTests-Info.plist */,
				406F519C19757CE700EF284E /* InfoPlist.strings */,
			);
			name = "Supporting Files";
			sourceTree = "<group>";
		};
/* End PBXGroup section */

/* Begin PBXNativeTarget section */
		406F517019757CE700EF284E /* UITableViewController Challenge Solution */ = {
			isa = PBXNativeTarget;
			buildConfigurationList = 406F51A319757CE700EF284E /* Build configuration list for PBXNativeTarget "UITableViewController Challenge Solution" */;
			buildPhases = (
				406F516D19757CE700EF284E /* Sources */,
				406F516E19757CE700EF284E /* Frameworks */,
				406F516F19757CE700EF284E /* Resources */,
			);
			buildRules = (
			);
			dependencies = (
			);
			name = "UITableViewController Challenge Solution";
			productName = "UITableViewController Challenge Solution";
			productReference = 406F517119757CE700EF284E /* UITableViewController Challenge Solution.app */;
			productType = "com.apple.product-type.application";
		};
		406F519119757CE700EF284E /* UITableViewController Challenge SolutionTests */ = {
			isa = PBXNativeTarget;
			buildConfigurationList = 406F51A619757CE700EF284E /* Build configuration list for PBXNativeTarget "UITableViewController Challenge SolutionTests" */;
			buildPhases = (
				406F518E19757CE700EF284E /* Sources */,
				406F518F19757CE700EF284E /* Frameworks */,
				406F519019757CE700EF284E /* Resources */,
			);
			buildRules = (
			);
			dependencies = (
				406F519819757CE700EF284E /* PBXTargetDependency */,
			);
			name = "UITableViewController Challenge SolutionTests";
			productName = "UITableViewController Challenge SolutionTests";
			productReference = 406F519219757CE700EF284E /* UITableViewController Challenge SolutionTests.xctest */;
			productType = "com.apple.product-type.bundle.unit-test";
		};
/* End PBXNativeTarget section */

/* Begin PBXProject section */
		406F516919757CE700EF284E /* Project object */ = {
			isa = PBXProject;
			attributes = {
				CLASSPREFIX = OW;
				LastUpgradeCheck = 0510;
				ORGANIZATIONNAME = "Play Me Interactive";
				TargetAttributes = {
					406F519119757CE700EF284E = {
						TestTargetID = 406F517019757CE700EF284E;
					};
				};
			};
			buildConfigurationList = 406F516C19757CE700EF284E /* Build configuration list for PBXProject "UITableViewController Challenge Solution" */;
			compatibilityVersion = "Xcode 3.2";
			developmentRegion = English;
			hasScannedForEncodings = 0;
			knownRegions = (
				en,
				Base,
			);
			mainGroup = 406F516819757CE700EF284E;
			productRefGroup = 406F517219757CE700EF284E /* Products */;
			projectDirPath = "";
			projectRoot = "";
			targets = (
				406F517019757CE700EF284E /* UITableViewController Challenge Solution */,
				406F519119757CE700EF284E /* UITableViewController Challenge SolutionTests */,
			);
		};
/* End PBXProject section */

/* Begin PBXResourcesBuildPhase section */
		406F516F19757CE700EF284E /* Resources */ = {
			isa = PBXResourcesBuildPhase;
			buildActionMask = 2147483647;
			files = (
				406F518D19757CE700EF284E /* Images.xcassets in Resources */,
				406F517F19757CE700EF284E /* InfoPlist.strings in Resources */,
				406F518819757CE700EF284E /* Main.storyboard in Resources */,
			);
			runOnlyForDeploymentPostprocessing = 0;
		};
		406F519019757CE700EF284E /* Resources */ = {
			isa = PBXResourcesBuildPhase;
			buildActionMask = 2147483647;
			files = (
				406F519E19757CE700EF284E /* InfoPlist.strings in Resources */,
			);
			runOnlyForDeploymentPostprocessing = 0;
		};
/* End PBXResourcesBuildPhase section */

/* Begin PBXSourcesBuildPhase section */
		406F516D19757CE700EF284E /* Sources */ = {
			isa = PBXSourcesBuildPhase;
			buildActionMask = 2147483647;
			files = (
				406F518519757CE700EF284E /* OWAppDelegate.m in Sources */,
				406F51AB1975B38700EF284E /* PMITableViewController.m in Sources */,
				406F518119757CE700EF284E /* main.m in Sources */,
			);
			runOnlyForDeploymentPostprocessing = 0;
		};
		406F518E19757CE700EF284E /* Sources */ = {
			isa = PBXSourcesBuildPhase;
			buildActionMask = 2147483647;
			files = (
				406F51A019757CE700EF284E /* UITableViewController_Challenge_SolutionTests.m in Sources */,
			);
			runOnlyForDeploymentPostprocessing = 0;
		};
/* End PBXSourcesBuildPhase section */

/* Begin PBXTargetDependency section */
		406F519819757CE700EF284E /* PBXTargetDependency */ = {
			isa = PBXTargetDependency;
			target = 406F517019757CE700EF284E /* UITableViewController Challenge Solution */;
			targetProxy = 406F519719757CE700EF284E /* PBXContainerItemProxy */;
		};
/* End PBXTargetDependency section */

/* Begin PBXVariantGroup section */
		406F517D19757CE700EF284E /* InfoPlist.strings */ = {
			isa = PBXVariantGroup;
			children = (
				406F517E19757CE700EF284E /* en */,
			);
			name = InfoPlist.strings;
			sourceTree = "<group>";
		};
		406F518619757CE700EF284E /* Main.storyboard */ = {
			isa = PBXVariantGroup;
			children = (
				406F518719757CE700EF284E /* Base */,
			);
			name = Main.storyboard;
			sourceTree = "<group>";
		};
		406F519C19757CE700EF284E /* InfoPlist.strings */ = {
			isa = PBXVariantGroup;
			children = (
				406F519D19757CE700EF284E /* en */,
			);
			name = InfoPlist.strings;
			sourceTree = "<group>";
		};
/* End PBXVariantGroup section */

/* Begin XCBuildConfiguration section */
		406F51A119757CE700EF284E /* Debug */ = {
			isa = XCBuildConfiguration;
			buildSettings = {
				ALWAYS_SEARCH_USER_PATHS = NO;
				CLANG_CXX_LANGUAGE_STANDARD = "gnu++0x";
				CLANG_CXX_LIBRARY = "libc++";
				CLANG_ENABLE_MODULES = YES;
				CLANG_ENABLE_OBJC_ARC = YES;
				CLANG_WARN_BOOL_CONVERSION = YES;
				CLANG_WARN_CONSTANT_CONVERSION = YES;
				CLANG_WARN_DIRECT_OBJC_ISA_USAGE = YES_ERROR;
				CLANG_WARN_EMPTY_BODY = YES;
				CLANG_WARN_ENUM_CONVERSION = YES;
				CLANG_WARN_INT_CONVERSION = YES;
				CLANG_WARN_OBJC_ROOT_CLASS = YES_ERROR;
				CLANG_WARN__DUPLICATE_METHOD_MATCH = YES;
				"CODE_SIGN_IDENTITY[sdk=iphoneos*]" = "iPhone Developer";
				COPY_PHASE_STRIP = NO;
				GCC_C_LANGUAGE_STANDARD = gnu99;
				GCC_DYNAMIC_NO_PIC = NO;
				GCC_OPTIMIZATION_LEVEL = 0;
				GCC_PREPROCESSOR_DEFINITIONS = (
					"DEBUG=1",
					"$(inherited)",
				);
				GCC_SYMBOLS_PRIVATE_EXTERN = NO;
				GCC_WARN_64_TO_32_BIT_CONVERSION = YES;
				GCC_WARN_ABOUT_RETURN_TYPE = YES_ERROR;
				GCC_WARN_UNDECLARED_SELECTOR = YES;
				GCC_WARN_UNINITIALIZED_AUTOS = YES_AGGRESSIVE;
				GCC_WARN_UNUSED_FUNCTION = YES;
				GCC_WARN_UNUSED_VARIABLE = YES;
				IPHONEOS_DEPLOYMENT_TARGET = 7.1;
				ONLY_ACTIVE_ARCH = YES;
				SDKROOT = iphoneos;
			};
			name = Debug;
		};
		406F51A219757CE700EF284E /* Release */ = {
			isa = XCBuildConfiguration;
			buildSettings = {
				ALWAYS_SEARCH_USER_PATHS = NO;
				CLANG_CXX_LANGUAGE_STANDARD = "gnu++0x";
				CLANG_CXX_LIBRARY = "libc++";
				CLANG_ENABLE_MODULES = YES;
				CLANG_ENABLE_OBJC_ARC = YES;
				CLANG_WARN_BOOL_CONVERSION = YES;
				CLANG_WARN_CONSTANT_CONVERSION = YES;
				CLANG_WARN_DIRECT_OBJC_ISA_USAGE = YES_ERROR;
				CLANG_WARN_EMPTY_BODY = YES;
				CLANG_WARN_ENUM_CONVERSION = YES;
				CLANG_WARN_INT_CONVERSION = YES;
				CLANG_WARN_OBJC_ROOT_CLASS = YES_ERROR;
				CLANG_WARN__DUPLICATE_METHOD_MATCH = YES;
				"CODE_SIGN_IDENTITY[sdk=iphoneos*]" = "iPhone Developer";
				COPY_PHASE_STRIP = YES;
				ENABLE_NS_ASSERTIONS = NO;
				GCC_C_LANGUAGE_STANDARD = gnu99;
				GCC_WARN_64_TO_32_BIT_CONVERSION = YES;
				GCC_WARN_ABOUT_RETURN_TYPE = YES_ERROR;
				GCC_WARN_UNDECLARED_SELECTOR = YES;
				GCC_WARN_UNINITIALIZED_AUTOS = YES_AGGRESSIVE;
				GCC_WARN_UNUSED_FUNCTION = YES;
				GCC_WARN_UNUSED_VARIABLE = YES;
				IPHONEOS_DEPLOYMENT_TARGET = 7.1;
				SDKROOT = iphoneos;
				VALIDATE_PRODUCT = YES;
			};
			name = Release;
		};
		406F51A419757CE700EF284E /* Debug */ = {
			isa = XCBuildConfiguration;
			buildSettings = {
				ASSETCATALOG_COMPILER_APPICON_NAME = AppIcon;
				ASSETCATALOG_COMPILER_LAUNCHIMAGE_NAME = LaunchImage;
				GCC_PRECOMPILE_PREFIX_HEADER = YES;
				GCC_PREFIX_HEADER = "UITableViewController Challenge Solution/UITableViewController Challenge Solution-Prefix.pch";
				INFOPLIST_FILE = "UITableViewController Challenge Solution/UITableViewController Challenge Solution-Info.plist";
				PRODUCT_NAME = "$(TARGET_NAME)";
				WRAPPER_EXTENSION = app;
			};
			name = Debug;
		};
		406F51A519757CE700EF284E /* Release */ = {
			isa = XCBuildConfiguration;
			buildSettings = {
				ASSETCATALOG_COMPILER_APPICON_NAME = AppIcon;
				ASSETCATALOG_COMPILER_LAUNCHIMAGE_NAME = LaunchImage;
				GCC_PRECOMPILE_PREFIX_HEADER = YES;
				GCC_PREFIX_HEADER = "UITableViewController Challenge Solution/UITableViewController Challenge Solution-Prefix.pch";
				INFOPLIST_FILE = "UITableViewController Challenge Solution/UITableViewController Challenge Solution-Info.plist";
				PRODUCT_NAME = "$(TARGET_NAME)";
				WRAPPER_EXTENSION = app;
			};
			name = Release;
		};
		406F51A719757CE700EF284E /* Debug */ = {
			isa = XCBuildConfiguration;
			buildSettings = {
				BUNDLE_LOADER = "$(BUILT_PRODUCTS_DIR)/UITableViewController Challenge Solution.app/UITableViewController Challenge Solution";
				FRAMEWORK_SEARCH_PATHS = (
					"$(SDKROOT)/Developer/Library/Frameworks",
					"$(inherited)",
					"$(DEVELOPER_FRAMEWORKS_DIR)",
				);
				GCC_PRECOMPILE_PREFIX_HEADER = YES;
				GCC_PREFIX_HEADER = "UITableViewController Challenge Solution/UITableViewController Challenge Solution-Prefix.pch";
				GCC_PREPROCESSOR_DEFINITIONS = (
					"DEBUG=1",
					"$(inherited)",
				);
				INFOPLIST_FILE = "UITableViewController Challenge SolutionTests/UITableViewController Challenge SolutionTests-Info.plist";
				PRODUCT_NAME = "$(TARGET_NAME)";
				TEST_HOST = "$(BUNDLE_LOADER)";
				WRAPPER_EXTENSION = xctest;
			};
			name = Debug;
		};
		406F51A819757CE700EF284E /* Release */ = {
			isa = XCBuildConfiguration;
			buildSettings = {
				BUNDLE_LOADER = "$(BUILT_PRODUCTS_DIR)/UITableViewController Challenge Solution.app/UITableViewController Challenge Solution";
				FRAMEWORK_SEARCH_PATHS = (
					"$(SDKROOT)/Developer/Library/Frameworks",
					"$(inherited)",
					"$(DEVELOPER_FRAMEWORKS_DIR)",
				);
				GCC_PRECOMPILE_PREFIX_HEADER = YES;
				GCC_PREFIX_HEADER = "UITableViewController Challenge Solution/UITableViewController Challenge Solution-Prefix.pch";
				INFOPLIST_FILE = "UITableViewController Challenge SolutionTests/UITableViewController Challenge SolutionTests-Info.plist";
				PRODUCT_NAME = "$(TARGET_NAME)";
				TEST_HOST = "$(BUNDLE_LOADER)";
				WRAPPER_EXTENSION = xctest;
			};
			name = Release;
		};
/* End XCBuildConfiguration section */

/* Begin XCConfigurationList section */
		406F516C19757CE700EF284E /* Build configuration list for PBXProject "UITableViewController Challenge Solution" */ = {
			isa = XCConfigurationList;
			buildConfigurations = (
				406F51A119757CE700EF284E /* Debug */,
				406F51A219757CE700EF284E /* Release */,
			);
			defaultConfigurationIsVisible = 0;
			defaultConfigurationName = Release;
		};
		406F51A319757CE700EF284E /* Build configuration list for PBXNativeTarget "UITableViewController Challenge Solution" */ = {
			isa = XCConfigurationList;
			buildConfigurations = (
				406F51A419757CE700EF284E /* Debug */,
				406F51A519757CE700EF284E /* Release */,
			);
			defaultConfigurationIsVisible = 0;
		};
		406F51A619757CE700EF284E /* Build configuration list for PBXNativeTarget "UITableViewController Challenge SolutionTests" */ = {
			isa = XCConfigurationList;
			buildConfigurations = (
				406F51A719757CE700EF284E /* Debug */,
				406F51A819757CE700EF284E /* Release */,
			);
			defaultConfigurationIsVisible = 0;
		};
/* End XCConfigurationList section */
	};
	rootObject = 406F516919757CE700EF284E /* Project object */;
}
